
Microsoft Visual Studio Solution File, Format Version 12.00
# Visual Studio Version 17
VisualStudioVersion = 17.0.31903.59
MinimumVisualStudioVersion = 10.0.40219.1
Project("{2150E333-8FDC-42A3-9474-1A3956D46DE8}") = "src", "src", "{827E0CD3-B72D-47B6-A68D-7590B98EB39B}"
EndProject
Project("{FAE04EC0-301F-11D3-BF4B-00C04F79EFBC}") = "PowerPosition.Core", "src\PowerPosition.Core\PowerPosition.Core.csproj", "{AE09DCB3-EFA2-4EA6-8AF3-94A815568E79}"
EndProject
Project("{FAE04EC0-301F-11D3-BF4B-00C04F79EFBC}") = "PowerPosition.Worker", "src\PowerPosition.Worker\PowerPosition.Worker.csproj", "{C122A33F-2364-48AD-9BBF-E3B054396F9C}"
EndProject
Project("{2150E333-8FDC-42A3-9474-1A3956D46DE8}") = "tests", "tests", "{0AB3BF05-4346-4AA6-1389-037BE0695223}"
EndProject
Project("{FAE04EC0-301F-11D3-BF4B-00C04F79EFBC}") = "PowerPosition.Tests", "tests\PowerPosition.Tests\PowerPosition.Tests.csproj", "{0BDAD40C-3134-4658-840D-68EC71DE3C5F}"
EndProject
Project("{FAE04EC0-301F-11D3-BF4B-00C04F79EFBC}") = "PowerPosition.Dashboard", "src\PowerPosition.Dashboard\PowerPosition.Dashboard.csproj", "{2A08E32F-7C14-4B98-8557-BAAFE717DBB5}"
EndProject
Global
	GlobalSection(SolutionConfigurationPlatforms) = preSolution
		Debug|Any CPU = Debug|Any CPU
		Debug|x64 = Debug|x64
		Debug|x86 = Debug|x86
		Release|Any CPU = Release|Any CPU
		Release|x64 = Release|x64
		Release|x86 = Release|x86
	EndGlobalSection
	GlobalSection(ProjectConfigurationPlatforms) = postSolution
		{AE09DCB3-EFA2-4EA6-8AF3-94A815568E79}.Debug|Any CPU.ActiveCfg = Debug|Any CPU
		{AE09DCB3-EFA2-4EA6-8AF3-94A815568E79}.Debug|Any CPU.Build.0 = Debug|Any CPU
		{AE09DCB3-EFA2-4EA6-8AF3-94A815568E79}.Debug|x64.ActiveCfg = Debug|Any CPU
		{AE09DCB3-EFA2-4EA6-8AF3-94A815568E79}.Debug|x64.Build.0 = Debug|Any CPU
		{AE09DCB3-EFA2-4EA6-8AF3-94A815568E79}.Debug|x86.ActiveCfg = Debug|Any CPU
		{AE09DCB3-EFA2-4EA6-8AF3-94A815568E79}.Debug|x86.Build.0 = Debug|Any CPU
		{AE09DCB3-EFA2-4EA6-8AF3-94A815568E79}.Release|Any CPU.ActiveCfg = Release|Any CPU
		{AE09DCB3-EFA2-4EA6-8AF3-94A815568E79}.Release|Any CPU.Build.0 = Release|Any CPU
		{AE09DCB3-EFA2-4EA6-8AF3-94A815568E79}.Release|x64.ActiveCfg = Release|Any CPU
		{AE09DCB3-EFA2-4EA6-8AF3-94A815568E79}.Release|x64.Build.0 = Release|Any CPU
		{AE09DCB3-EFA2-4EA6-8AF3-94A815568E79}.Release|x86.ActiveCfg = Release|Any CPU
		{AE09DCB3-EFA2-4EA6-8AF3-94A815568E79}.Release|x86.Build.0 = Release|Any CPU
		{C122A33F-2364-48AD-9BBF-E3B054396F9C}.Debug|Any CPU.ActiveCfg = Debug|Any CPU
		{C122A33F-2364-48AD-9BBF-E3B054396F9C}.Debug|Any CPU.Build.0 = Debug|Any CPU
		{C122A33F-2364-48AD-9BBF-E3B054396F9C}.Debug|x64.ActiveCfg = Debug|Any CPU
		{C122A33F-2364-48AD-9BBF-E3B054396F9C}.Debug|x64.Build.0 = Debug|Any CPU
		{C122A33F-2364-48AD-9BBF-E3B054396F9C}.Debug|x86.ActiveCfg = Debug|Any CPU
		{C122A33F-2364-48AD-9BBF-E3B054396F9C}.Debug|x86.Build.0 = Debug|Any CPU
		{C122A33F-2364-48AD-9BBF-E3B054396F9C}.Release|Any CPU.ActiveCfg = Release|Any CPU
		{C122A33F-2364-48AD-9BBF-E3B054396F9C}.Release|Any CPU.Build.0 = Release|Any CPU
		{C122A33F-2364-48AD-9BBF-E3B054396F9C}.Release|x64.ActiveCfg = Release|Any CPU
		{C122A33F-2364-48AD-9BBF-E3B054396F9C}.Release|x64.Build.0 = Release|Any CPU
		{C122A33F-2364-48AD-9BBF-E3B054396F9C}.Release|x86.ActiveCfg = Release|Any CPU
		{C122A33F-2364-48AD-9BBF-E3B054396F9C}.Release|x86.Build.0 = Release|Any CPU
		{0BDAD40C-3134-4658-840D-68EC71DE3C5F}.Debug|Any CPU.ActiveCfg = Debug|Any CPU
		{0BDAD40C-3134-4658-840D-68EC71DE3C5F}.Debug|Any CPU.Build.0 = Debug|Any CPU
		{0BDAD40C-3134-4658-840D-68EC71DE3C5F}.Debug|x64.ActiveCfg = Debug|Any CPU
		{0BDAD40C-3134-4658-840D-68EC71DE3C5F}.Debug|x64.Build.0 = Debug|Any CPU
		{0BDAD40C-3134-4658-840D-68EC71DE3C5F}.Debug|x86.ActiveCfg = Debug|Any CPU
		{0BDAD40C-3134-4658-840D-68EC71DE3C5F}.Debug|x86.Build.0 = Debug|Any CPU
		{0BDAD40C-3134-4658-840D-68EC71DE3C5F}.Release|Any CPU.ActiveCfg = Release|Any CPU
		{0BDAD40C-3134-4658-840D-68EC71DE3C5F}.Release|Any CPU.Build.0 = Release|Any CPU
		{0BDAD40C-3134-4658-840D-68EC71DE3C5F}.Release|x64.ActiveCfg = Release|Any CPU
		{0BDAD40C-3134-4658-840D-68EC71DE3C5F}.Release|x64.Build.0 = Release|Any CPU
		{0BDAD40C-3134-4658-840D-68EC71DE3C5F}.Release|x86.ActiveCfg = Release|Any CPU
		{0BDAD40C-3134-4658-840D-68EC71DE3C5F}.Release|x86.Build.0 = Release|Any CPU
		{2A08E32F-7C14-4B98-8557-BAAFE717DBB5}.Debug|Any CPU.ActiveCfg = Debug|Any CPU
		{2A08E32F-7C14-4B98-8557-BAAFE717DBB5}.Debug|Any CPU.Build.0 = Debug|Any CPU
		{2A08E32F-7C14-4B98-8557-BAAFE717DBB5}.Debug|x64.ActiveCfg = Debug|Any CPU
		{2A08E32F-7C14-4B98-8557-BAAFE717DBB5}.Debug|x64.Build.0 = Debug|Any CPU
		{2A08E32F-7C14-4B98-8557-BAAFE717DBB5}.Debug|x86.ActiveCfg = Debug|Any CPU
		{2A08E32F-7C14-4B98-8557-BAAFE717DBB5}.Debug|x86.Build.0 = Debug|Any CPU
		{2A08E32F-7C14-4B98-8557-BAAFE717DBB5}.Release|Any CPU.ActiveCfg = Release|Any CPU
		{2A08E32F-7C14-4B98-8557-BAAFE717DBB5}.Release|Any CPU.Build.0 = Release|Any CPU
		{2A08E32F-7C14-4B98-8557-BAAFE717DBB5}.Release|x64.ActiveCfg = Release|Any CPU
		{2A08E32F-7C14-4B98-8557-BAAFE717DBB5}.Release|x64.Build.0 = Release|Any CPU
		{2A08E32F-7C14-4B98-8557-BAAFE717DBB5}.Release|x86.ActiveCfg = Release|Any CPU
		{2A08E32F-7C14-4B98-8557-BAAFE717DBB5}.Release|x86.Build.0 = Release|Any CPU
	EndGlobalSection
	GlobalSection(SolutionProperties) = preSolution
		HideSolutionNode = FALSE
	EndGlobalSection
	GlobalSection(NestedProjects) = preSolution
		{AE09DCB3-EFA2-4EA6-8AF3-94A815568E79} = {827E0CD3-B72D-47B6-A68D-7590B98EB39B}
		{C122A33F-2364-48AD-9BBF-E3B054396F9C} = {827E0CD3-B72D-47B6-A68D-7590B98EB39B}
		{0BDAD40C-3134-4658-840D-68EC71DE3C5F} = {0AB3BF05-4346-4AA6-1389-037BE0695223}
		{2A08E32F-7C14-4B98-8557-BAAFE717DBB5} = {827E0CD3-B72D-47B6-A68D-7590B98EB39B}
	EndGlobalSection
EndGlobal
